
Microsoft Visual Studio Solution File, Format Version 12.00
# Visual Studio Version 16
VisualStudioVersion = 16.0.31025.218
MinimumVisualStudioVersion = 10.0.40219.1
Project("{9A19103F-16F7-4668-BE54-9A1E7A4F7556}") = "PannelsController", "PannelsController.csproj", "{EADEA7C3-209C-4ADE-87CA-E407B318C703}"
EndProject
Global
	GlobalSection(SolutionConfigurationPlatforms) = preSolution
		Debug|Any CPU = Debug|Any CPU
		Release|Any CPU = Release|Any CPU
	EndGlobalSection
	GlobalSection(ProjectConfigurationPlatforms) = postSolution
		{EADEA7C3-209C-4ADE-87CA-E407B318C703}.Debug|Any CPU.ActiveCfg = Debug|Any CPU
		{EADEA7C3-209C-4ADE-87CA-E407B318C703}.Debug|Any CPU.Build.0 = Debug|Any CPU
		{EADEA7C3-209C-4ADE-87CA-E407B318C703}.Release|Any CPU.ActiveCfg = Release|Any CPU
		{EADEA7C3-209C-4ADE-87CA-E407B318C703}.Release|Any CPU.Build.0 = Release|Any CPU
	EndGlobalSection
	GlobalSection(SolutionProperties) = preSolution
		HideSolutionNode = FALSE
	EndGlobalSection
	GlobalSection(ExtensibilityGlobals) = postSolution
		SolutionGuid = {6FDBA081-E14C-49E9-B19E-59C7BA33F21C}
	EndGlobalSection
EndGlobal
